
Microsoft Visual Studio Solution File, Format Version 12.00
# Visual Studio Version 16
VisualStudioVersion = 16.0.31624.102
MinimumVisualStudioVersion = 10.0.40219.1
Project("{FAE04EC0-301F-11D3-BF4B-00C04F79EFBC}") = "Product_Review_Management_Linq", "Product_Review_Management_Linq\Product_Review_Management_Linq.csproj", "{EFA7E168-7F40-4066-94F0-8844605542C7}"
EndProject
Global
	GlobalSection(SolutionConfigurationPlatforms) = preSolution
		Debug|Any CPU = Debug|Any CPU
		Release|Any CPU = Release|Any CPU
	EndGlobalSection
	GlobalSection(ProjectConfigurationPlatforms) = postSolution
		{EFA7E168-7F40-4066-94F0-8844605542C7}.Debug|Any CPU.ActiveCfg = Debug|Any CPU
		{EFA7E168-7F40-4066-94F0-8844605542C7}.Debug|Any CPU.Build.0 = Debug|Any CPU
		{EFA7E168-7F40-4066-94F0-8844605542C7}.Release|Any CPU.ActiveCfg = Release|Any CPU
		{EFA7E168-7F40-4066-94F0-8844605542C7}.Release|Any CPU.Build.0 = Release|Any CPU
	EndGlobalSection
	GlobalSection(SolutionProperties) = preSolution
		HideSolutionNode = FALSE
	EndGlobalSection
	GlobalSection(ExtensibilityGlobals) = postSolution
		SolutionGuid = {2D03C93E-5006-487D-AE56-2210C1316510}
	EndGlobalSection
EndGlobal
